
Microsoft Visual Studio Solution File, Format Version 12.00
# Visual Studio Version 17
VisualStudioVersion = 17.7.34018.315
MinimumVisualStudioVersion = 10.0.40219.1
Project("{FAE04EC0-301F-11D3-BF4B-00C04F79EFBC}") = "QuaryString", "QuaryString\QuaryString.csproj", "{8BD61216-5D3B-44C9-AD27-25C2719C4336}"
EndProject
Global
	GlobalSection(SolutionConfigurationPlatforms) = preSolution
		Debug|Any CPU = Debug|Any CPU
		Release|Any CPU = Release|Any CPU
	EndGlobalSection
	GlobalSection(ProjectConfigurationPlatforms) = postSolution
		{8BD61216-5D3B-44C9-AD27-25C2719C4336}.Debug|Any CPU.ActiveCfg = Debug|Any CPU
		{8BD61216-5D3B-44C9-AD27-25C2719C4336}.Debug|Any CPU.Build.0 = Debug|Any CPU
		{8BD61216-5D3B-44C9-AD27-25C2719C4336}.Release|Any CPU.ActiveCfg = Release|Any CPU
		{8BD61216-5D3B-44C9-AD27-25C2719C4336}.Release|Any CPU.Build.0 = Release|Any CPU
	EndGlobalSection
	GlobalSection(SolutionProperties) = preSolution
		HideSolutionNode = FALSE
	EndGlobalSection
	GlobalSection(ExtensibilityGlobals) = postSolution
		SolutionGuid = {6DBB29BC-0583-490B-89BF-F5462CA59243}
	EndGlobalSection
EndGlobal
